// !$*UTF8*$!
{
	archiveVersion = 1;
	classes = {
	};
	objectVersion = 42;
	objects = {

/* Begin PBXApplicationTarget section */
		7D1DB5F70783B51100943CE0 /* texture2 */ = {
			isa = PBXApplicationTarget;
			buildConfigurationList = 7DB5AD7F138820AE008C5B30 /* Build configuration list for PBXApplicationTarget "texture2" */;
			buildPhases = (
				7D1DB5F20783B51100943CE0 /* Headers */,
				7D1DB5F30783B51100943CE0 /* Resources */,
				7D1DB5F40783B51100943CE0 /* Sources */,
				7D1DB5F50783B51100943CE0 /* Frameworks */,
				7D1DB5F60783B51100943CE0 /* Rez */,
			);
			dependencies = (
			);
			name = texture2;
			productInstallPath = "$(USER_APPS_DIR)";
			productName = texture2;
			productReference = 7D1DB5F80783B51100943CE0 /* texture2.app */;
			productSettingsXML = "<?xml version=\"1.0\" encoding=\"UTF-8\"?>
<!DOCTYPE plist PUBLIC \"-//Apple//DTD PLIST 1.0//EN\" \"http://www.apple.com/DTDs/PropertyList-1.0.dtd\">
<plist version=\"1.0\">
<dict>
	<key>CFBundleDevelopmentRegion</key>
	<string>English</string>
	<key>CFBundleExecutable</key>
	<string></string>
	<key>CFBundleGetInfoString</key>
	<string></string>
	<key>CFBundleIconFile</key>
	<string></string>
	<key>CFBundleIdentifier</key>
	<string></string>
	<key>CFBundleInfoDictionaryVersion</key>
	<string>6.0</string>
	<key>CFBundleName</key>
	<string></string>
	<key>CFBundlePackageType</key>
	<string>APPL</string>
	<key>CFBundleShortVersionString</key>
	<string></string>
	<key>CFBundleSignature</key>
	<string>????</string>
	<key>CFBundleVersion</key>
	<string>0.0.1d1</string>
</dict>
</plist>
";
		};
/* End PBXApplicationTarget section */

/* Begin PBXBuildFile section */
		7D1DB5FC0783B54000943CE0 /* GLUT.framework in Frameworks */ = {isa = PBXBuildFile; fileRef = 7D1DB5FB0783B53F00943CE0 /* GLUT.framework */; };
		7D1DB6000783B55A00943CE0 /* OpenGL.framework in Frameworks */ = {isa = PBXBuildFile; fileRef = 7D1DB5FF0783B55A00943CE0 /* OpenGL.framework */; };
		7D1DB6020783B56D00943CE0 /* Foundation.framework in Frameworks */ = {isa = PBXBuildFile; fileRef = 7D1DB6010783B56D00943CE0 /* Foundation.framework */; };
		7D1DB6050783B58A00943CE0 /* box.cpp in Sources */ = {isa = PBXBuildFile; fileRef = 7D1DB6030783B58A00943CE0 /* box.cpp */; };
		7D1DB6060783B58A00943CE0 /* box.h in Headers */ = {isa = PBXBuildFile; fileRef = 7D1DB6040783B58A00943CE0 /* box.h */; };
		7D1DB60F0783B59900943CE0 /* light.raw in Resources */ = {isa = PBXBuildFile; fileRef = 7D1DB6080783B59900943CE0 /* light.raw */; };
		7D1DB6100783B59900943CE0 /* main.cpp in Sources */ = {isa = PBXBuildFile; fileRef = 7D1DB6090783B59900943CE0 /* main.cpp */; };
		7D1DB6120783B59900943CE0 /* tire.raw in Resources */ = {isa = PBXBuildFile; fileRef = 7D1DB60B0783B59900943CE0 /* tire.raw */; };
		7D1DB6130783B59900943CE0 /* trackball.cpp in Sources */ = {isa = PBXBuildFile; fileRef = 7D1DB60C0783B59900943CE0 /* trackball.cpp */; };
		7D1DB6140783B59900943CE0 /* trackball.h in Headers */ = {isa = PBXBuildFile; fileRef = 7D1DB60D0783B59900943CE0 /* trackball.h */; };
		7DB5AD86138820BB008C5B30 /* box.h in Headers */ = {isa = PBXBuildFile; fileRef = 7D1DB6040783B58A00943CE0 /* box.h */; };
		7DB5AD87138820BB008C5B30 /* trackball.h in Headers */ = {isa = PBXBuildFile; fileRef = 7D1DB60D0783B59900943CE0 /* trackball.h */; };
		7DB5AD89138820BB008C5B30 /* light.raw in Resources */ = {isa = PBXBuildFile; fileRef = 7D1DB6080783B59900943CE0 /* light.raw */; };
		7DB5AD8A138820BB008C5B30 /* tire.raw in Resources */ = {isa = PBXBuildFile; fileRef = 7D1DB60B0783B59900943CE0 /* tire.raw */; };
		7DB5AD8C138820BB008C5B30 /* box.cpp in Sources */ = {isa = PBXBuildFile; fileRef = 7D1DB6030783B58A00943CE0 /* box.cpp */; };
		7DB5AD8D138820BB008C5B30 /* main.cpp in Sources */ = {isa = PBXBuildFile; fileRef = 7D1DB6090783B59900943CE0 /* main.cpp */; };
		7DB5AD8E138820BB008C5B30 /* trackball.cpp in Sources */ = {isa = PBXBuildFile; fileRef = 7D1DB60C0783B59900943CE0 /* trackball.cpp */; };
		7DB5AD90138820BB008C5B30 /* GLUT.framework in Frameworks */ = {isa = PBXBuildFile; fileRef = 7D1DB5FB0783B53F00943CE0 /* GLUT.framework */; };
		7DB5AD91138820BB008C5B30 /* OpenGL.framework in Frameworks */ = {isa = PBXBuildFile; fileRef = 7D1DB5FF0783B55A00943CE0 /* OpenGL.framework */; };
		7DB5AD92138820BB008C5B30 /* Foundation.framework in Frameworks */ = {isa = PBXBuildFile; fileRef = 7D1DB6010783B56D00943CE0 /* Foundation.framework */; };
/* End PBXBuildFile section */

/* Begin PBXFileReference section */
		7D1DB5F80783B51100943CE0 /* texture2.app */ = {isa = PBXFileReference; explicitFileType = wrapper.application; includeInIndex = 0; path = texture2.app; sourceTree = BUILT_PRODUCTS_DIR; };
		7D1DB5FB0783B53F00943CE0 /* GLUT.framework */ = {isa = PBXFileReference; lastKnownFileType = wrapper.framework; name = GLUT.framework; path = /System/Library/Frameworks/GLUT.framework; sourceTree = "<absolute>"; };
		7D1DB5FF0783B55A00943CE0 /* OpenGL.framework */ = {isa = PBXFileReference; lastKnownFileType = wrapper.framework; name = OpenGL.framework; path = /System/Library/Frameworks/OpenGL.framework; sourceTree = "<absolute>"; };
		7D1DB6010783B56D00943CE0 /* Foundation.framework */ = {isa = PBXFileReference; lastKnownFileType = wrapper.framework; name = Foundation.framework; path = /System/Library/Frameworks/Foundation.framework; sourceTree = "<absolute>"; };
		7D1DB6030783B58A00943CE0 /* box.cpp */ = {isa = PBXFileReference; fileEncoding = 18446744071562067969; lastKnownFileType = sourcecode.cpp.cpp; path = box.cpp; sourceTree = "<group>"; };
		7D1DB6040783B58A00943CE0 /* box.h */ = {isa = PBXFileReference; fileEncoding = 18446744071562067969; lastKnownFileType = sourcecode.c.h; path = box.h; sourceTree = "<group>"; };
		7D1DB6080783B59900943CE0 /* light.raw */ = {isa = PBXFileReference; lastKnownFileType = file; path = light.raw; sourceTree = "<group>"; };
		7D1DB6090783B59900943CE0 /* main.cpp */ = {isa = PBXFileReference; fileEncoding = 18446744071562067969; lastKnownFileType = sourcecode.cpp.cpp; path = main.cpp; sourceTree = "<group>"; };
		7D1DB60B0783B59900943CE0 /* tire.raw */ = {isa = PBXFileReference; lastKnownFileType = file; path = tire.raw; sourceTree = "<group>"; };
		7D1DB60C0783B59900943CE0 /* trackball.cpp */ = {isa = PBXFileReference; fileEncoding = 18446744071562067969; lastKnownFileType = sourcecode.cpp.cpp; path = trackball.cpp; sourceTree = "<group>"; };
		7D1DB60D0783B59900943CE0 /* trackball.h */ = {isa = PBXFileReference; fileEncoding = 18446744071562067969; lastKnownFileType = sourcecode.c.h; path = trackball.h; sourceTree = "<group>"; };
		7DB5AD98138820BB008C5B30 /* Info-texture2_____________.plist */ = {isa = PBXFileReference; lastKnownFileType = text.plist.xml; path = "Info-texture2_____________.plist"; sourceTree = "<group>"; };
		7DB5AD99138820BB008C5B30 /* texture2.app */ = {isa = PBXFileReference; explicitFileType = wrapper.application; includeInIndex = 0; path = texture2.app; sourceTree = BUILT_PRODUCTS_DIR; };
/* End PBXFileReference section */

/* Begin PBXFrameworksBuildPhase section */
		7D1DB5F50783B51100943CE0 /* Frameworks */ = {
			isa = PBXFrameworksBuildPhase;
			buildActionMask = 2147483647;
			files = (
				7D1DB5FC0783B54000943CE0 /* GLUT.framework in Frameworks */,
				7D1DB6000783B55A00943CE0 /* OpenGL.framework in Frameworks */,
				7D1DB6020783B56D00943CE0 /* Foundation.framework in Frameworks */,
			);
			runOnlyForDeploymentPostprocessing = 0;
		};
		7DB5AD8F138820BB008C5B30 /* Frameworks */ = {
			isa = PBXFrameworksBuildPhase;
			buildActionMask = 2147483647;
			files = (
				7DB5AD90138820BB008C5B30 /* GLUT.framework in Frameworks */,
				7DB5AD91138820BB008C5B30 /* OpenGL.framework in Frameworks */,
				7DB5AD92138820BB008C5B30 /* Foundation.framework in Frameworks */,
			);
			runOnlyForDeploymentPostprocessing = 0;
		};
/* End PBXFrameworksBuildPhase section */

/* Begin PBXGroup section */
		7D1DB5E80783B4F000943CE0 = {
			isa = PBXGroup;
			children = (
				7D1DB6080783B59900943CE0 /* light.raw */,
				7D1DB6090783B59900943CE0 /* main.cpp */,
				7D1DB60B0783B59900943CE0 /* tire.raw */,
				7D1DB60C0783B59900943CE0 /* trackball.cpp */,
				7D1DB60D0783B59900943CE0 /* trackball.h */,
				7D1DB6030783B58A00943CE0 /* box.cpp */,
				7D1DB6040783B58A00943CE0 /* box.h */,
				7D1DB6010783B56D00943CE0 /* Foundation.framework */,
				7D1DB5FF0783B55A00943CE0 /* OpenGL.framework */,
				7D1DB5FB0783B53F00943CE0 /* GLUT.framework */,
				7D1DB5F90783B51100943CE0 /* Products */,
				7DB5AD98138820BB008C5B30 /* Info-texture2_____________.plist */,
			);
			sourceTree = "<group>";
		};
		7D1DB5F90783B51100943CE0 /* Products */ = {
			isa = PBXGroup;
			children = (
				7D1DB5F80783B51100943CE0 /* texture2.app */,
				7DB5AD99138820BB008C5B30 /* texture2.app */,
			);
			name = Products;
			sourceTree = "<group>";
		};
/* End PBXGroup section */

/* Begin PBXHeadersBuildPhase section */
		7D1DB5F20783B51100943CE0 /* Headers */ = {
			isa = PBXHeadersBuildPhase;
			buildActionMask = 2147483647;
			files = (
				7D1DB6060783B58A00943CE0 /* box.h in Headers */,
				7D1DB6140783B59900943CE0 /* trackball.h in Headers */,
			);
			runOnlyForDeploymentPostprocessing = 0;
		};
		7DB5AD85138820BB008C5B30 /* Headers */ = {
			isa = PBXHeadersBuildPhase;
			buildActionMask = 2147483647;
			files = (
				7DB5AD86138820BB008C5B30 /* box.h in Headers */,
				7DB5AD87138820BB008C5B30 /* trackball.h in Headers */,
			);
			runOnlyForDeploymentPostprocessing = 0;
		};
/* End PBXHeadersBuildPhase section */

/* Begin PBXNativeTarget section */
		7DB5AD84138820BB008C5B30 /* texture2（アップグレードしました） */ = {
			isa = PBXNativeTarget;
			buildConfigurationList = 7DB5AD94138820BB008C5B30 /* Build configuration list for PBXNativeTarget "texture2（アップグレードしました）" */;
			buildPhases = (
				7DB5AD85138820BB008C5B30 /* Headers */,
				7DB5AD88138820BB008C5B30 /* Resources */,
				7DB5AD8B138820BB008C5B30 /* Sources */,
				7DB5AD8F138820BB008C5B30 /* Frameworks */,
				7DB5AD93138820BB008C5B30 /* Rez */,
			);
			buildRules = (
			);
			dependencies = (
			);
			name = "texture2（アップグレードしました）";
			productInstallPath = "$(USER_APPS_DIR)";
			productName = texture2;
			productReference = 7DB5AD99138820BB008C5B30 /* texture2.app */;
			productType = "com.apple.product-type.application";
		};
/* End PBXNativeTarget section */

/* Begin PBXProject section */
		7D1DB5EC0783B4F000943CE0 /* Project object */ = {
			isa = PBXProject;
			buildConfigurationList = 7DB5AD7E138820AE008C5B30 /* Build configuration list for PBXProject "texture2" */;
			compatibilityVersion = "Xcode 2.4";
			developmentRegion = English;
			hasScannedForEncodings = 0;
			knownRegions = (
				English,
				Japanese,
				French,
				German,
			);
			mainGroup = 7D1DB5E80783B4F000943CE0;
			productRefGroup = 7D1DB5F90783B51100943CE0 /* Products */;
			projectDirPath = "";
			projectRoot = "";
			targets = (
				7DB5AD84138820BB008C5B30 /* texture2（アップグレードしました） */,
				7D1DB5F70783B51100943CE0 /* texture2 */,
			);
		};
/* End PBXProject section */

/* Begin PBXResourcesBuildPhase section */
		7D1DB5F30783B51100943CE0 /* Resources */ = {
			isa = PBXResourcesBuildPhase;
			buildActionMask = 2147483647;
			files = (
				7D1DB60F0783B59900943CE0 /* light.raw in Resources */,
				7D1DB6120783B59900943CE0 /* tire.raw in Resources */,
			);
			runOnlyForDeploymentPostprocessing = 0;
		};
		7DB5AD88138820BB008C5B30 /* Resources */ = {
			isa = PBXResourcesBuildPhase;
			buildActionMask = 2147483647;
			files = (
				7DB5AD89138820BB008C5B30 /* light.raw in Resources */,
				7DB5AD8A138820BB008C5B30 /* tire.raw in Resources */,
			);
			runOnlyForDeploymentPostprocessing = 0;
		};
/* End PBXResourcesBuildPhase section */

/* Begin PBXRezBuildPhase section */
		7D1DB5F60783B51100943CE0 /* Rez */ = {
			isa = PBXRezBuildPhase;
			buildActionMask = 2147483647;
			files = (
			);
			runOnlyForDeploymentPostprocessing = 0;
		};
		7DB5AD93138820BB008C5B30 /* Rez */ = {
			isa = PBXRezBuildPhase;
			buildActionMask = 2147483647;
			files = (
			);
			runOnlyForDeploymentPostprocessing = 0;
		};
/* End PBXRezBuildPhase section */

/* Begin PBXSourcesBuildPhase section */
		7D1DB5F40783B51100943CE0 /* Sources */ = {
			isa = PBXSourcesBuildPhase;
			buildActionMask = 2147483647;
			files = (
				7D1DB6050783B58A00943CE0 /* box.cpp in Sources */,
				7D1DB6100783B59900943CE0 /* main.cpp in Sources */,
				7D1DB6130783B59900943CE0 /* trackball.cpp in Sources */,
			);
			runOnlyForDeploymentPostprocessing = 0;
		};
		7DB5AD8B138820BB008C5B30 /* Sources */ = {
			isa = PBXSourcesBuildPhase;
			buildActionMask = 2147483647;
			files = (
				7DB5AD8C138820BB008C5B30 /* box.cpp in Sources */,
				7DB5AD8D138820BB008C5B30 /* main.cpp in Sources */,
				7DB5AD8E138820BB008C5B30 /* trackball.cpp in Sources */,
			);
			runOnlyForDeploymentPostprocessing = 0;
		};
/* End PBXSourcesBuildPhase section */

/* Begin XCBuildConfiguration section */
		7DB5AD78138820AE008C5B30 /* Development */ = {
			isa = XCBuildConfiguration;
			buildSettings = {
			};
			name = Development;
		};
		7DB5AD79138820AE008C5B30 /* Deployment */ = {
			isa = XCBuildConfiguration;
			buildSettings = {
			};
			name = Deployment;
		};
		7DB5AD7A138820AE008C5B30 /* Default */ = {
			isa = XCBuildConfiguration;
			buildSettings = {
			};
			name = Default;
		};
		7DB5AD7B138820AE008C5B30 /* Development */ = {
			isa = XCBuildConfiguration;
			buildSettings = {
				COPY_PHASE_STRIP = NO;
				OTHER_CFLAGS = "";
				OTHER_LDFLAGS = "";
				OTHER_REZFLAGS = "";
				PRODUCT_NAME = texture2;
				SECTORDER_FLAGS = "";
				WARNING_CFLAGS = (
					"-Wmost",
					"-Wno-four-char-constants",
					"-Wno-unknown-pragmas",
				);
				WRAPPER_EXTENSION = app;
			};
			name = Development;
		};
		7DB5AD7C138820AE008C5B30 /* Deployment */ = {
			isa = XCBuildConfiguration;
			buildSettings = {
				COPY_PHASE_STRIP = YES;
				OTHER_CFLAGS = "";
				OTHER_LDFLAGS = "";
				OTHER_REZFLAGS = "";
				PRODUCT_NAME = texture2;
				SECTORDER_FLAGS = "";
				WARNING_CFLAGS = (
					"-Wmost",
					"-Wno-four-char-constants",
					"-Wno-unknown-pragmas",
				);
				WRAPPER_EXTENSION = app;
			};
			name = Deployment;
		};
		7DB5AD7D138820AE008C5B30 /* Default */ = {
			isa = XCBuildConfiguration;
			buildSettings = {
				OTHER_CFLAGS = "";
				OTHER_LDFLAGS = "";
				OTHER_REZFLAGS = "";
				PRODUCT_NAME = texture2;
				SECTORDER_FLAGS = "";
				WARNING_CFLAGS = (
					"-Wmost",
					"-Wno-four-char-constants",
					"-Wno-unknown-pragmas",
				);
				WRAPPER_EXTENSION = app;
			};
			name = Default;
		};
		7DB5AD95138820BB008C5B30 /* Development */ = {
			isa = XCBuildConfiguration;
			buildSettings = {
				COPY_PHASE_STRIP = NO;
				GCC_SYMBOLS_PRIVATE_EXTERN = NO;
				INFOPLIST_FILE = "Info-texture2_____________.plist";
				OTHER_CFLAGS = "";
				OTHER_LDFLAGS = "";
				OTHER_REZFLAGS = "";
				PRODUCT_NAME = texture2;
				SECTORDER_FLAGS = "";
				WARNING_CFLAGS = (
					"-Wmost",
					"-Wno-four-char-constants",
					"-Wno-unknown-pragmas",
				);
				WRAPPER_EXTENSION = app;
			};
			name = Development;
		};
		7DB5AD96138820BB008C5B30 /* Deployment */ = {
			isa = XCBuildConfiguration;
			buildSettings = {
				COPY_PHASE_STRIP = YES;
				GCC_SYMBOLS_PRIVATE_EXTERN = NO;
				INFOPLIST_FILE = "Info-texture2_____________.plist";
				OTHER_CFLAGS = "";
				OTHER_LDFLAGS = "";
				OTHER_REZFLAGS = "";
				PRODUCT_NAME = texture2;
				SECTORDER_FLAGS = "";
				WARNING_CFLAGS = (
					"-Wmost",
					"-Wno-four-char-constants",
					"-Wno-unknown-pragmas",
				);
				WRAPPER_EXTENSION = app;
			};
			name = Deployment;
		};
		7DB5AD97138820BB008C5B30 /* Default */ = {
			isa = XCBuildConfiguration;
			buildSettings = {
				GCC_SYMBOLS_PRIVATE_EXTERN = NO;
				INFOPLIST_FILE = "Info-texture2_____________.plist";
				OTHER_CFLAGS = "";
				OTHER_LDFLAGS = "";
				OTHER_REZFLAGS = "";
				PRODUCT_NAME = texture2;
				SECTORDER_FLAGS = "";
				WARNING_CFLAGS = (
					"-Wmost",
					"-Wno-four-char-constants",
					"-Wno-unknown-pragmas",
				);
				WRAPPER_EXTENSION = app;
			};
			name = Default;
		};
/* End XCBuildConfiguration section */

/* Begin XCConfigurationList section */
		7DB5AD7E138820AE008C5B30 /* Build configuration list for PBXProject "texture2" */ = {
			isa = XCConfigurationList;
			buildConfigurations = (
				7DB5AD78138820AE008C5B30 /* Development */,
				7DB5AD79138820AE008C5B30 /* Deployment */,
				7DB5AD7A138820AE008C5B30 /* Default */,
			);
			defaultConfigurationIsVisible = 0;
			defaultConfigurationName = Default;
		};
		7DB5AD7F138820AE008C5B30 /* Build configuration list for PBXApplicationTarget "texture2" */ = {
			isa = XCConfigurationList;
			buildConfigurations = (
				7DB5AD7B138820AE008C5B30 /* Development */,
				7DB5AD7C138820AE008C5B30 /* Deployment */,
				7DB5AD7D138820AE008C5B30 /* Default */,
			);
			defaultConfigurationIsVisible = 0;
			defaultConfigurationName = Default;
		};
		7DB5AD94138820BB008C5B30 /* Build configuration list for PBXNativeTarget "texture2（アップグレードしました）" */ = {
			isa = XCConfigurationList;
			buildConfigurations = (
				7DB5AD95138820BB008C5B30 /* Development */,
				7DB5AD96138820BB008C5B30 /* Deployment */,
				7DB5AD97138820BB008C5B30 /* Default */,
			);
			defaultConfigurationIsVisible = 0;
			defaultConfigurationName = Default;
		};
/* End XCConfigurationList section */
	};
	rootObject = 7D1DB5EC0783B4F000943CE0 /* Project object */;
}
